
Microsoft Visual Studio Solution File, Format Version 12.00
# Visual Studio 15
VisualStudioVersion = 15.0.28307.329
MinimumVisualStudioVersion = 10.0.40219.1
Project("{FAE04EC0-301F-11D3-BF4B-00C04F79EFBC}") = "Middleware", "Middleware\Middleware.csproj", "{C1D39008-641B-4CAC-8938-F2AD79C1360E}"
EndProject
Project("{FAE04EC0-301F-11D3-BF4B-00C04F79EFBC}") = "Frontend", "Frontend\Frontend.csproj", "{891CC765-A626-4F18-9BAC-1483E9BC8DFF}"
EndProject
Project("{FAE04EC0-301F-11D3-BF4B-00C04F79EFBC}") = "TestingApp", "TestingApp\TestingApp.csproj", "{3CB93A4D-7020-4D65-A2FD-DB1300E19ECD}"
EndProject
Global
	GlobalSection(SolutionConfigurationPlatforms) = preSolution
		Debug|Any CPU = Debug|Any CPU
		Release|Any CPU = Release|Any CPU
	EndGlobalSection
	GlobalSection(ProjectConfigurationPlatforms) = postSolution
		{C1D39008-641B-4CAC-8938-F2AD79C1360E}.Debug|Any CPU.ActiveCfg = Debug|Any CPU
		{C1D39008-641B-4CAC-8938-F2AD79C1360E}.Debug|Any CPU.Build.0 = Debug|Any CPU
		{C1D39008-641B-4CAC-8938-F2AD79C1360E}.Release|Any CPU.ActiveCfg = Release|Any CPU
		{C1D39008-641B-4CAC-8938-F2AD79C1360E}.Release|Any CPU.Build.0 = Release|Any CPU
		{891CC765-A626-4F18-9BAC-1483E9BC8DFF}.Debug|Any CPU.ActiveCfg = Debug|Any CPU
		{891CC765-A626-4F18-9BAC-1483E9BC8DFF}.Debug|Any CPU.Build.0 = Debug|Any CPU
		{891CC765-A626-4F18-9BAC-1483E9BC8DFF}.Release|Any CPU.ActiveCfg = Release|Any CPU
		{891CC765-A626-4F18-9BAC-1483E9BC8DFF}.Release|Any CPU.Build.0 = Release|Any CPU
		{3CB93A4D-7020-4D65-A2FD-DB1300E19ECD}.Debug|Any CPU.ActiveCfg = Debug|Any CPU
		{3CB93A4D-7020-4D65-A2FD-DB1300E19ECD}.Debug|Any CPU.Build.0 = Debug|Any CPU
		{3CB93A4D-7020-4D65-A2FD-DB1300E19ECD}.Release|Any CPU.ActiveCfg = Release|Any CPU
		{3CB93A4D-7020-4D65-A2FD-DB1300E19ECD}.Release|Any CPU.Build.0 = Release|Any CPU
	EndGlobalSection
	GlobalSection(SolutionProperties) = preSolution
		HideSolutionNode = FALSE
	EndGlobalSection
	GlobalSection(ExtensibilityGlobals) = postSolution
		SolutionGuid = {4C602499-F81B-4C81-8A36-E852304548C0}
	EndGlobalSection
EndGlobal
